// !$*UTF8*$!
{
	archiveVersion = 1;
	classes = {
	};
	objectVersion = 46;
	objects = {

/* Begin PBXBuildFile section */
		CE4033511DF23E7C002F9F1F /* AxesDrawer.swift in Sources */ = {isa = PBXBuildFile; fileRef = CE4033501DF23E7C002F9F1F /* AxesDrawer.swift */; };
		CE4770131DD3C7B900B32D2A /* AppDelegate.swift in Sources */ = {isa = PBXBuildFile; fileRef = CE4770121DD3C7B900B32D2A /* AppDelegate.swift */; };
		CE4770151DD3C7B900B32D2A /* CalculatorViewController.swift in Sources */ = {isa = PBXBuildFile; fileRef = CE4770141DD3C7B900B32D2A /* CalculatorViewController.swift */; };
		CE4770181DD3C7B900B32D2A /* Main.storyboard in Resources */ = {isa = PBXBuildFile; fileRef = CE4770161DD3C7B900B32D2A /* Main.storyboard */; };
		CE47701A1DD3C7B900B32D2A /* Assets.xcassets in Resources */ = {isa = PBXBuildFile; fileRef = CE4770191DD3C7B900B32D2A /* Assets.xcassets */; };
		CE47701D1DD3C7B900B32D2A /* LaunchScreen.storyboard in Resources */ = {isa = PBXBuildFile; fileRef = CE47701B1DD3C7B900B32D2A /* LaunchScreen.storyboard */; };
		CE4770261DD4E8A200B32D2A /* CalculatorBrain.swift in Sources */ = {isa = PBXBuildFile; fileRef = CE4770251DD4E8A200B32D2A /* CalculatorBrain.swift */; };
		CE935E7C1DF1C5BA00A5CDA8 /* GraphViewController.swift in Sources */ = {isa = PBXBuildFile; fileRef = CE935E7B1DF1C5BA00A5CDA8 /* GraphViewController.swift */; };
		CE935E881DF1E00900A5CDA8 /* GraphView.swift in Sources */ = {isa = PBXBuildFile; fileRef = CE935E871DF1E00900A5CDA8 /* GraphView.swift */; };
/* End PBXBuildFile section */

/* Begin PBXFileReference section */
		CE4033501DF23E7C002F9F1F /* AxesDrawer.swift */ = {isa = PBXFileReference; fileEncoding = 4; lastKnownFileType = sourcecode.swift; path = AxesDrawer.swift; sourceTree = "<group>"; };
		CE47700F1DD3C7B900B32D2A /* 1_Calculator.app */ = {isa = PBXFileReference; explicitFileType = wrapper.application; includeInIndex = 0; path = 1_Calculator.app; sourceTree = BUILT_PRODUCTS_DIR; };
		CE4770121DD3C7B900B32D2A /* AppDelegate.swift */ = {isa = PBXFileReference; lastKnownFileType = sourcecode.swift; path = AppDelegate.swift; sourceTree = "<group>"; };
		CE4770141DD3C7B900B32D2A /* CalculatorViewController.swift */ = {isa = PBXFileReference; lastKnownFileType = sourcecode.swift; path = CalculatorViewController.swift; sourceTree = "<group>"; };
		CE4770171DD3C7B900B32D2A /* Base */ = {isa = PBXFileReference; lastKnownFileType = file.storyboard; name = Base; path = Base.lproj/Main.storyboard; sourceTree = "<group>"; };
		CE4770191DD3C7B900B32D2A /* Assets.xcassets */ = {isa = PBXFileReference; lastKnownFileType = folder.assetcatalog; path = Assets.xcassets; sourceTree = "<group>"; };
		CE47701C1DD3C7B900B32D2A /* Base */ = {isa = PBXFileReference; lastKnownFileType = file.storyboard; name = Base; path = Base.lproj/LaunchScreen.storyboard; sourceTree = "<group>"; };
		CE47701E1DD3C7B900B32D2A /* Info.plist */ = {isa = PBXFileReference; lastKnownFileType = text.plist.xml; path = Info.plist; sourceTree = "<group>"; };
		CE4770251DD4E8A200B32D2A /* CalculatorBrain.swift */ = {isa = PBXFileReference; fileEncoding = 4; lastKnownFileType = sourcecode.swift; path = CalculatorBrain.swift; sourceTree = "<group>"; };
		CE935E7B1DF1C5BA00A5CDA8 /* GraphViewController.swift */ = {isa = PBXFileReference; fileEncoding = 4; lastKnownFileType = sourcecode.swift; path = GraphViewController.swift; sourceTree = "<group>"; };
		CE935E871DF1E00900A5CDA8 /* GraphView.swift */ = {isa = PBXFileReference; fileEncoding = 4; lastKnownFileType = sourcecode.swift; path = GraphView.swift; sourceTree = "<group>"; };
/* End PBXFileReference section */

/* Begin PBXFrameworksBuildPhase section */
		CE47700C1DD3C7B900B32D2A /* Frameworks */ = {
			isa = PBXFrameworksBuildPhase;
			buildActionMask = 2147483647;
			files = (
			);
			runOnlyForDeploymentPostprocessing = 0;
		};
/* End PBXFrameworksBuildPhase section */

/* Begin PBXGroup section */
		CE4770061DD3C7B900B32D2A = {
			isa = PBXGroup;
			children = (
				CE4770111DD3C7B900B32D2A /* 1_Calculator */,
				CE4770101DD3C7B900B32D2A /* Products */,
			);
			sourceTree = "<group>";
		};
		CE4770101DD3C7B900B32D2A /* Products */ = {
			isa = PBXGroup;
			children = (
				CE47700F1DD3C7B900B32D2A /* 1_Calculator.app */,
			);
			name = Products;
			sourceTree = "<group>";
		};
		CE4770111DD3C7B900B32D2A /* 1_Calculator */ = {
			isa = PBXGroup;
			children = (
				CE4770141DD3C7B900B32D2A /* CalculatorViewController.swift */,
				CE4770161DD3C7B900B32D2A /* Main.storyboard */,
				CE4770251DD4E8A200B32D2A /* CalculatorBrain.swift */,
				CE4033501DF23E7C002F9F1F /* AxesDrawer.swift */,
				CE935E871DF1E00900A5CDA8 /* GraphView.swift */,
				CE935E7B1DF1C5BA00A5CDA8 /* GraphViewController.swift */,
				CE4770241DD3C9AF00B32D2A /* Supporting files */,
			);
			path = 1_Calculator;
			sourceTree = "<group>";
		};
		CE4770241DD3C9AF00B32D2A /* Supporting files */ = {
			isa = PBXGroup;
			children = (
				CE4770121DD3C7B900B32D2A /* AppDelegate.swift */,
				CE4770191DD3C7B900B32D2A /* Assets.xcassets */,
				CE47701B1DD3C7B900B32D2A /* LaunchScreen.storyboard */,
				CE47701E1DD3C7B900B32D2A /* Info.plist */,
			);
			name = "Supporting files";
			sourceTree = "<group>";
		};
/* End PBXGroup section */

/* Begin PBXNativeTarget section */
		CE47700E1DD3C7B900B32D2A /* 1_Calculator */ = {
			isa = PBXNativeTarget;
			buildConfigurationList = CE4770211DD3C7B900B32D2A /* Build configuration list for PBXNativeTarget "1_Calculator" */;
			buildPhases = (
				CE47700B1DD3C7B900B32D2A /* Sources */,
				CE47700C1DD3C7B900B32D2A /* Frameworks */,
				CE47700D1DD3C7B900B32D2A /* Resources */,
			);
			buildRules = (
			);
			dependencies = (
			);
			name = 1_Calculator;
			productName = 1_Calculator;
			productReference = CE47700F1DD3C7B900B32D2A /* 1_Calculator.app */;
			productType = "com.apple.product-type.application";
		};
/* End PBXNativeTarget section */

/* Begin PBXProject section */
		CE4770071DD3C7B900B32D2A /* Project object */ = {
			isa = PBXProject;
			attributes = {
				LastUpgradeCheck = 0810;
				ORGANIZATIONNAME = Vasenina;
				TargetAttributes = {
					CE47700E1DD3C7B900B32D2A = {
						CreatedOnToolsVersion = 7.0.1;
						DevelopmentTeam = TSV3HNNDR6;
						LastSwiftMigration = 0810;
					};
				};
			};
			buildConfigurationList = CE47700A1DD3C7B900B32D2A /* Build configuration list for PBXProject "1_Calculator" */;
			compatibilityVersion = "Xcode 3.2";
			developmentRegion = English;
			hasScannedForEncodings = 0;
			knownRegions = (
				en,
				Base,
			);
			mainGroup = CE4770061DD3C7B900B32D2A;
			productRefGroup = CE4770101DD3C7B900B32D2A /* Products */;
			projectDirPath = "";
			projectRoot = "";
			targets = (
				CE47700E1DD3C7B900B32D2A /* 1_Calculator */,
			);
		};
/* End PBXProject section */

/* Begin PBXResourcesBuildPhase section */
		CE47700D1DD3C7B900B32D2A /* Resources */ = {
			isa = PBXResourcesBuildPhase;
			buildActionMask = 2147483647;
			files = (
				CE47701D1DD3C7B900B32D2A /* LaunchScreen.storyboard in Resources */,
				CE47701A1DD3C7B900B32D2A /* Assets.xcassets in Resources */,
				CE4770181DD3C7B900B32D2A /* Main.storyboard in Resources */,
			);
			runOnlyForDeploymentPostprocessing = 0;
		};
/* End PBXResourcesBuildPhase section */

/* Begin PBXSourcesBuildPhase section */
		CE47700B1DD3C7B900B32D2A /* Sources */ = {
			isa = PBXSourcesBuildPhase;
			buildActionMask = 2147483647;
			files = (
				CE935E881DF1E00900A5CDA8 /* GraphView.swift in Sources */,
				CE4770261DD4E8A200B32D2A /* CalculatorBrain.swift in Sources */,
				CE935E7C1DF1C5BA00A5CDA8 /* GraphViewController.swift in Sources */,
				CE4770151DD3C7B900B32D2A /* CalculatorViewController.swift in Sources */,
				CE4770131DD3C7B900B32D2A /* AppDelegate.swift in Sources */,
				CE4033511DF23E7C002F9F1F /* AxesDrawer.swift in Sources */,
			);
			runOnlyForDeploymentPostprocessing = 0;
		};
/* End PBXSourcesBuildPhase section */

/* Begin PBXVariantGroup section */
		CE4770161DD3C7B900B32D2A /* Main.storyboard */ = {
			isa = PBXVariantGroup;
			children = (
				CE4770171DD3C7B900B32D2A /* Base */,
			);
			name = Main.storyboard;
			sourceTree = "<group>";
		};
		CE47701B1DD3C7B900B32D2A /* LaunchScreen.storyboard */ = {
			isa = PBXVariantGroup;
			children = (
				CE47701C1DD3C7B900B32D2A /* Base */,
			);
			name = LaunchScreen.storyboard;
			sourceTree = "<group>";
		};
/* End PBXVariantGroup section */

/* Begin XCBuildConfiguration section */
		CE47701F1DD3C7B900B32D2A /* Debug */ = {
			isa = XCBuildConfiguration;
			buildSettings = {
				ALWAYS_SEARCH_USER_PATHS = NO;
				CLANG_CXX_LANGUAGE_STANDARD = "gnu++0x";
				CLANG_CXX_LIBRARY = "libc++";
				CLANG_ENABLE_MODULES = YES;
				CLANG_ENABLE_OBJC_ARC = YES;
				CLANG_WARN_BOOL_CONVERSION = YES;
				CLANG_WARN_CONSTANT_CONVERSION = YES;
				CLANG_WARN_DIRECT_OBJC_ISA_USAGE = YES_ERROR;
				CLANG_WARN_EMPTY_BODY = YES;
				CLANG_WARN_ENUM_CONVERSION = YES;
				CLANG_WARN_INFINITE_RECURSION = YES;
				CLANG_WARN_INT_CONVERSION = YES;
				CLANG_WARN_OBJC_ROOT_CLASS = YES_ERROR;
				CLANG_WARN_SUSPICIOUS_MOVE = YES;
				CLANG_WARN_UNREACHABLE_CODE = YES;
				CLANG_WARN__DUPLICATE_METHOD_MATCH = YES;
				"CODE_SIGN_IDENTITY[sdk=iphoneos*]" = "iPhone Developer";
				COPY_PHASE_STRIP = NO;
				DEBUG_INFORMATION_FORMAT = dwarf;
				ENABLE_STRICT_OBJC_MSGSEND = YES;
				ENABLE_TESTABILITY = YES;
				GCC_C_LANGUAGE_STANDARD = gnu99;
				GCC_DYNAMIC_NO_PIC = NO;
				GCC_NO_COMMON_BLOCKS = YES;
				GCC_OPTIMIZATION_LEVEL = 0;
				GCC_PREPROCESSOR_DEFINITIONS = (
					"DEBUG=1",
					"$(inherited)",
				);
				GCC_WARN_64_TO_32_BIT_CONVERSION = YES;
				GCC_WARN_ABOUT_RETURN_TYPE = YES_ERROR;
				GCC_WARN_UNDECLARED_SELECTOR = YES;
				GCC_WARN_UNINITIALIZED_AUTOS = YES_AGGRESSIVE;
				GCC_WARN_UNUSED_FUNCTION = YES;
				GCC_WARN_UNUSED_VARIABLE = YES;
				IPHONEOS_DEPLOYMENT_TARGET = 9.0;
				MTL_ENABLE_DEBUG_INFO = YES;
				ONLY_ACTIVE_ARCH = YES;
				SDKROOT = iphoneos;
				SWIFT_OPTIMIZATION_LEVEL = "-Onone";
				TARGETED_DEVICE_FAMILY = "1,2";
			};
			name = Debug;
		};
		CE4770201DD3C7B900B32D2A /* Release */ = {
			isa = XCBuildConfiguration;
			buildSettings = {
				ALWAYS_SEARCH_USER_PATHS = NO;
				CLANG_CXX_LANGUAGE_STANDARD = "gnu++0x";
				CLANG_CXX_LIBRARY = "libc++";
				CLANG_ENABLE_MODULES = YES;
				CLANG_ENABLE_OBJC_ARC = YES;
				CLANG_WARN_BOOL_CONVERSION = YES;
				CLANG_WARN_CONSTANT_CONVERSION = YES;
				CLANG_WARN_DIRECT_OBJC_ISA_USAGE = YES_ERROR;
				CLANG_WARN_EMPTY_BODY = YES;
				CLANG_WARN_ENUM_CONVERSION = YES;
				CLANG_WARN_INFINITE_RECURSION = YES;
				CLANG_WARN_INT_CONVERSION = YES;
				CLANG_WARN_OBJC_ROOT_CLASS = YES_ERROR;
				CLANG_WARN_SUSPICIOUS_MOVE = YES;
				CLANG_WARN_UNREACHABLE_CODE = YES;
				CLANG_WARN__DUPLICATE_METHOD_MATCH = YES;
				"CODE_SIGN_IDENTITY[sdk=iphoneos*]" = "iPhone Developer";
				COPY_PHASE_STRIP = NO;
				DEBUG_INFORMATION_FORMAT = "dwarf-with-dsym";
				ENABLE_NS_ASSERTIONS = NO;
				ENABLE_STRICT_OBJC_MSGSEND = YES;
				GCC_C_LANGUAGE_STANDARD = gnu99;
				GCC_NO_COMMON_BLOCKS = YES;
				GCC_WARN_64_TO_32_BIT_CONVERSION = YES;
				GCC_WARN_ABOUT_RETURN_TYPE = YES_ERROR;
				GCC_WARN_UNDECLARED_SELECTOR = YES;
				GCC_WARN_UNINITIALIZED_AUTOS = YES_AGGRESSIVE;
				GCC_WARN_UNUSED_FUNCTION = YES;
				GCC_WARN_UNUSED_VARIABLE = YES;
				IPHONEOS_DEPLOYMENT_TARGET = 9.0;
				MTL_ENABLE_DEBUG_INFO = NO;
				SDKROOT = iphoneos;
				SWIFT_OPTIMIZATION_LEVEL = "-Owholemodule";
				TARGETED_DEVICE_FAMILY = "1,2";
				VALIDATE_PRODUCT = YES;
			};
			name = Release;
		};
		CE4770221DD3C7B900B32D2A /* Debug */ = {
			isa = XCBuildConfiguration;
			buildSettings = {
				ASSETCATALOG_COMPILER_APPICON_NAME = AppIcon;
				CODE_SIGN_IDENTITY = "iPhone Developer";
				"CODE_SIGN_IDENTITY[sdk=iphoneos*]" = "iPhone Developer";
				INFOPLIST_FILE = 1_Calculator/Info.plist;
				LD_RUNPATH_SEARCH_PATHS = "$(inherited) @executable_path/Frameworks";
				PRODUCT_BUNDLE_IDENTIFIER = "aninesav.--Calculator";
				PRODUCT_NAME = "$(TARGET_NAME)";
				PROVISIONING_PROFILE = "";
				SWIFT_VERSION = 2.3;
			};
			name = Debug;
		};
		CE4770231DD3C7B900B32D2A /* Release */ = {
			isa = XCBuildConfiguration;
			buildSettings = {
				ASSETCATALOG_COMPILER_APPICON_NAME = AppIcon;
				CODE_SIGN_IDENTITY = "iPhone Developer";
				"CODE_SIGN_IDENTITY[sdk=iphoneos*]" = "iPhone Developer";
				INFOPLIST_FILE = 1_Calculator/Info.plist;
				LD_RUNPATH_SEARCH_PATHS = "$(inherited) @executable_path/Frameworks";
				PRODUCT_BUNDLE_IDENTIFIER = "aninesav.--Calculator";
				PRODUCT_NAME = "$(TARGET_NAME)";
				PROVISIONING_PROFILE = "";
				SWIFT_VERSION = 2.3;
			};
			name = Release;
		};
/* End XCBuildConfiguration section */

/* Begin XCConfigurationList section */
		CE47700A1DD3C7B900B32D2A /* Build configuration list for PBXProject "1_Calculator" */ = {
			isa = XCConfigurationList;
			buildConfigurations = (
				CE47701F1DD3C7B900B32D2A /* Debug */,
				CE4770201DD3C7B900B32D2A /* Release */,
			);
			defaultConfigurationIsVisible = 0;
			defaultConfigurationName = Release;
		};
		CE4770211DD3C7B900B32D2A /* Build configuration list for PBXNativeTarget "1_Calculator" */ = {
			isa = XCConfigurationList;
			buildConfigurations = (
				CE4770221DD3C7B900B32D2A /* Debug */,
				CE4770231DD3C7B900B32D2A /* Release */,
			);
			defaultConfigurationIsVisible = 0;
			defaultConfigurationName = Release;
		};
/* End XCConfigurationList section */
	};
	rootObject = CE4770071DD3C7B900B32D2A /* Project object */;
}
