// !$*UTF8*$!
{
	archiveVersion = 1;
	classes = {
	};
	objectVersion = 46;
	objects = {

/* Begin PBXBuildFile section */
		CE4703431E01A2DA0089E8AB /* AppDelegate.swift in Sources */ = {isa = PBXBuildFile; fileRef = CE4703421E01A2DA0089E8AB /* AppDelegate.swift */; };
		CE4703481E01A2DA0089E8AB /* Main.storyboard in Resources */ = {isa = PBXBuildFile; fileRef = CE4703461E01A2DA0089E8AB /* Main.storyboard */; };
		CE47034A1E01A2DA0089E8AB /* Assets.xcassets in Resources */ = {isa = PBXBuildFile; fileRef = CE4703491E01A2DA0089E8AB /* Assets.xcassets */; };
		CE47034D1E01A2DA0089E8AB /* LaunchScreen.storyboard in Resources */ = {isa = PBXBuildFile; fileRef = CE47034B1E01A2DA0089E8AB /* LaunchScreen.storyboard */; };
		CE4703561E01A3A90089E8AB /* ImageViewController.swift in Sources */ = {isa = PBXBuildFile; fileRef = CE4703551E01A3A90089E8AB /* ImageViewController.swift */; };
		CE4703581E01A4EB0089E8AB /* DemoURL.swift in Sources */ = {isa = PBXBuildFile; fileRef = CE4703571E01A4EB0089E8AB /* DemoURL.swift */; };
		CEAB2D371E01E01E0093054E /* CassiniViewController.swift in Sources */ = {isa = PBXBuildFile; fileRef = CEAB2D361E01E01E0093054E /* CassiniViewController.swift */; };
/* End PBXBuildFile section */

/* Begin PBXFileReference section */
		CE47033F1E01A2DA0089E8AB /* Cassini.app */ = {isa = PBXFileReference; explicitFileType = wrapper.application; includeInIndex = 0; path = Cassini.app; sourceTree = BUILT_PRODUCTS_DIR; };
		CE4703421E01A2DA0089E8AB /* AppDelegate.swift */ = {isa = PBXFileReference; lastKnownFileType = sourcecode.swift; path = AppDelegate.swift; sourceTree = "<group>"; };
		CE4703471E01A2DA0089E8AB /* Base */ = {isa = PBXFileReference; lastKnownFileType = file.storyboard; name = Base; path = Base.lproj/Main.storyboard; sourceTree = "<group>"; };
		CE4703491E01A2DA0089E8AB /* Assets.xcassets */ = {isa = PBXFileReference; lastKnownFileType = folder.assetcatalog; path = Assets.xcassets; sourceTree = "<group>"; };
		CE47034C1E01A2DA0089E8AB /* Base */ = {isa = PBXFileReference; lastKnownFileType = file.storyboard; name = Base; path = Base.lproj/LaunchScreen.storyboard; sourceTree = "<group>"; };
		CE47034E1E01A2DA0089E8AB /* Info.plist */ = {isa = PBXFileReference; lastKnownFileType = text.plist.xml; path = Info.plist; sourceTree = "<group>"; };
		CE4703551E01A3A90089E8AB /* ImageViewController.swift */ = {isa = PBXFileReference; fileEncoding = 4; lastKnownFileType = sourcecode.swift; path = ImageViewController.swift; sourceTree = "<group>"; };
		CE4703571E01A4EB0089E8AB /* DemoURL.swift */ = {isa = PBXFileReference; fileEncoding = 4; lastKnownFileType = sourcecode.swift; path = DemoURL.swift; sourceTree = "<group>"; };
		CEAB2D361E01E01E0093054E /* CassiniViewController.swift */ = {isa = PBXFileReference; fileEncoding = 4; lastKnownFileType = sourcecode.swift; path = CassiniViewController.swift; sourceTree = "<group>"; };
/* End PBXFileReference section */

/* Begin PBXFrameworksBuildPhase section */
		CE47033C1E01A2D90089E8AB /* Frameworks */ = {
			isa = PBXFrameworksBuildPhase;
			buildActionMask = 2147483647;
			files = (
			);
			runOnlyForDeploymentPostprocessing = 0;
		};
/* End PBXFrameworksBuildPhase section */

/* Begin PBXGroup section */
		CE4703361E01A2D90089E8AB = {
			isa = PBXGroup;
			children = (
				CE4703411E01A2DA0089E8AB /* Cassini */,
				CE4703401E01A2DA0089E8AB /* Products */,
			);
			sourceTree = "<group>";
		};
		CE4703401E01A2DA0089E8AB /* Products */ = {
			isa = PBXGroup;
			children = (
				CE47033F1E01A2DA0089E8AB /* Cassini.app */,
			);
			name = Products;
			sourceTree = "<group>";
		};
		CE4703411E01A2DA0089E8AB /* Cassini */ = {
			isa = PBXGroup;
			children = (
				CE4703541E01A3570089E8AB /* Supporting files */,
				CE4703461E01A2DA0089E8AB /* Main.storyboard */,
				CEAB2D361E01E01E0093054E /* CassiniViewController.swift */,
				CE4703551E01A3A90089E8AB /* ImageViewController.swift */,
				CE4703571E01A4EB0089E8AB /* DemoURL.swift */,
				CE47034E1E01A2DA0089E8AB /* Info.plist */,
			);
			path = Cassini;
			sourceTree = "<group>";
		};
		CE4703541E01A3570089E8AB /* Supporting files */ = {
			isa = PBXGroup;
			children = (
				CE4703421E01A2DA0089E8AB /* AppDelegate.swift */,
				CE4703491E01A2DA0089E8AB /* Assets.xcassets */,
				CE47034B1E01A2DA0089E8AB /* LaunchScreen.storyboard */,
			);
			name = "Supporting files";
			sourceTree = "<group>";
		};
/* End PBXGroup section */

/* Begin PBXNativeTarget section */
		CE47033E1E01A2D90089E8AB /* Cassini */ = {
			isa = PBXNativeTarget;
			buildConfigurationList = CE4703511E01A2DA0089E8AB /* Build configuration list for PBXNativeTarget "Cassini" */;
			buildPhases = (
				CE47033B1E01A2D90089E8AB /* Sources */,
				CE47033C1E01A2D90089E8AB /* Frameworks */,
				CE47033D1E01A2D90089E8AB /* Resources */,
			);
			buildRules = (
			);
			dependencies = (
			);
			name = Cassini;
			productName = Cassini;
			productReference = CE47033F1E01A2DA0089E8AB /* Cassini.app */;
			productType = "com.apple.product-type.application";
		};
/* End PBXNativeTarget section */

/* Begin PBXProject section */
		CE4703371E01A2D90089E8AB /* Project object */ = {
			isa = PBXProject;
			attributes = {
				LastSwiftUpdateCheck = 0810;
				LastUpgradeCheck = 0810;
				ORGANIZATIONNAME = Vasenina;
				TargetAttributes = {
					CE47033E1E01A2D90089E8AB = {
						CreatedOnToolsVersion = 8.1;
						DevelopmentTeam = TSV3HNNDR6;
						LastSwiftMigration = 0810;
						ProvisioningStyle = Automatic;
					};
				};
			};
			buildConfigurationList = CE47033A1E01A2D90089E8AB /* Build configuration list for PBXProject "Cassini" */;
			compatibilityVersion = "Xcode 3.2";
			developmentRegion = English;
			hasScannedForEncodings = 0;
			knownRegions = (
				en,
				Base,
			);
			mainGroup = CE4703361E01A2D90089E8AB;
			productRefGroup = CE4703401E01A2DA0089E8AB /* Products */;
			projectDirPath = "";
			projectRoot = "";
			targets = (
				CE47033E1E01A2D90089E8AB /* Cassini */,
			);
		};
/* End PBXProject section */

/* Begin PBXResourcesBuildPhase section */
		CE47033D1E01A2D90089E8AB /* Resources */ = {
			isa = PBXResourcesBuildPhase;
			buildActionMask = 2147483647;
			files = (
				CE47034D1E01A2DA0089E8AB /* LaunchScreen.storyboard in Resources */,
				CE47034A1E01A2DA0089E8AB /* Assets.xcassets in Resources */,
				CE4703481E01A2DA0089E8AB /* Main.storyboard in Resources */,
			);
			runOnlyForDeploymentPostprocessing = 0;
		};
/* End PBXResourcesBuildPhase section */

/* Begin PBXSourcesBuildPhase section */
		CE47033B1E01A2D90089E8AB /* Sources */ = {
			isa = PBXSourcesBuildPhase;
			buildActionMask = 2147483647;
			files = (
				CE4703561E01A3A90089E8AB /* ImageViewController.swift in Sources */,
				CE4703431E01A2DA0089E8AB /* AppDelegate.swift in Sources */,
				CE4703581E01A4EB0089E8AB /* DemoURL.swift in Sources */,
				CEAB2D371E01E01E0093054E /* CassiniViewController.swift in Sources */,
			);
			runOnlyForDeploymentPostprocessing = 0;
		};
/* End PBXSourcesBuildPhase section */

/* Begin PBXVariantGroup section */
		CE4703461E01A2DA0089E8AB /* Main.storyboard */ = {
			isa = PBXVariantGroup;
			children = (
				CE4703471E01A2DA0089E8AB /* Base */,
			);
			name = Main.storyboard;
			sourceTree = "<group>";
		};
		CE47034B1E01A2DA0089E8AB /* LaunchScreen.storyboard */ = {
			isa = PBXVariantGroup;
			children = (
				CE47034C1E01A2DA0089E8AB /* Base */,
			);
			name = LaunchScreen.storyboard;
			sourceTree = "<group>";
		};
/* End PBXVariantGroup section */

/* Begin XCBuildConfiguration section */
		CE47034F1E01A2DA0089E8AB /* Debug */ = {
			isa = XCBuildConfiguration;
			buildSettings = {
				ALWAYS_SEARCH_USER_PATHS = NO;
				CLANG_ANALYZER_NONNULL = YES;
				CLANG_CXX_LANGUAGE_STANDARD = "gnu++0x";
				CLANG_CXX_LIBRARY = "libc++";
				CLANG_ENABLE_MODULES = YES;
				CLANG_ENABLE_OBJC_ARC = YES;
				CLANG_WARN_BOOL_CONVERSION = YES;
				CLANG_WARN_CONSTANT_CONVERSION = YES;
				CLANG_WARN_DIRECT_OBJC_ISA_USAGE = YES_ERROR;
				CLANG_WARN_DOCUMENTATION_COMMENTS = YES;
				CLANG_WARN_EMPTY_BODY = YES;
				CLANG_WARN_ENUM_CONVERSION = YES;
				CLANG_WARN_INFINITE_RECURSION = YES;
				CLANG_WARN_INT_CONVERSION = YES;
				CLANG_WARN_OBJC_ROOT_CLASS = YES_ERROR;
				CLANG_WARN_SUSPICIOUS_MOVES = YES;
				CLANG_WARN_UNREACHABLE_CODE = YES;
				CLANG_WARN__DUPLICATE_METHOD_MATCH = YES;
				"CODE_SIGN_IDENTITY[sdk=iphoneos*]" = "iPhone Developer";
				COPY_PHASE_STRIP = NO;
				DEBUG_INFORMATION_FORMAT = dwarf;
				ENABLE_STRICT_OBJC_MSGSEND = YES;
				ENABLE_TESTABILITY = YES;
				GCC_C_LANGUAGE_STANDARD = gnu99;
				GCC_DYNAMIC_NO_PIC = NO;
				GCC_NO_COMMON_BLOCKS = YES;
				GCC_OPTIMIZATION_LEVEL = 0;
				GCC_PREPROCESSOR_DEFINITIONS = (
					"DEBUG=1",
					"$(inherited)",
				);
				GCC_WARN_64_TO_32_BIT_CONVERSION = YES;
				GCC_WARN_ABOUT_RETURN_TYPE = YES_ERROR;
				GCC_WARN_UNDECLARED_SELECTOR = YES;
				GCC_WARN_UNINITIALIZED_AUTOS = YES_AGGRESSIVE;
				GCC_WARN_UNUSED_FUNCTION = YES;
				GCC_WARN_UNUSED_VARIABLE = YES;
				IPHONEOS_DEPLOYMENT_TARGET = 10.1;
				MTL_ENABLE_DEBUG_INFO = YES;
				ONLY_ACTIVE_ARCH = YES;
				SDKROOT = iphoneos;
				SWIFT_ACTIVE_COMPILATION_CONDITIONS = DEBUG;
				SWIFT_OPTIMIZATION_LEVEL = "-Onone";
				TARGETED_DEVICE_FAMILY = "1,2";
			};
			name = Debug;
		};
		CE4703501E01A2DA0089E8AB /* Release */ = {
			isa = XCBuildConfiguration;
			buildSettings = {
				ALWAYS_SEARCH_USER_PATHS = NO;
				CLANG_ANALYZER_NONNULL = YES;
				CLANG_CXX_LANGUAGE_STANDARD = "gnu++0x";
				CLANG_CXX_LIBRARY = "libc++";
				CLANG_ENABLE_MODULES = YES;
				CLANG_ENABLE_OBJC_ARC = YES;
				CLANG_WARN_BOOL_CONVERSION = YES;
				CLANG_WARN_CONSTANT_CONVERSION = YES;
				CLANG_WARN_DIRECT_OBJC_ISA_USAGE = YES_ERROR;
				CLANG_WARN_DOCUMENTATION_COMMENTS = YES;
				CLANG_WARN_EMPTY_BODY = YES;
				CLANG_WARN_ENUM_CONVERSION = YES;
				CLANG_WARN_INFINITE_RECURSION = YES;
				CLANG_WARN_INT_CONVERSION = YES;
				CLANG_WARN_OBJC_ROOT_CLASS = YES_ERROR;
				CLANG_WARN_SUSPICIOUS_MOVES = YES;
				CLANG_WARN_UNREACHABLE_CODE = YES;
				CLANG_WARN__DUPLICATE_METHOD_MATCH = YES;
				"CODE_SIGN_IDENTITY[sdk=iphoneos*]" = "iPhone Developer";
				COPY_PHASE_STRIP = NO;
				DEBUG_INFORMATION_FORMAT = "dwarf-with-dsym";
				ENABLE_NS_ASSERTIONS = NO;
				ENABLE_STRICT_OBJC_MSGSEND = YES;
				GCC_C_LANGUAGE_STANDARD = gnu99;
				GCC_NO_COMMON_BLOCKS = YES;
				GCC_WARN_64_TO_32_BIT_CONVERSION = YES;
				GCC_WARN_ABOUT_RETURN_TYPE = YES_ERROR;
				GCC_WARN_UNDECLARED_SELECTOR = YES;
				GCC_WARN_UNINITIALIZED_AUTOS = YES_AGGRESSIVE;
				GCC_WARN_UNUSED_FUNCTION = YES;
				GCC_WARN_UNUSED_VARIABLE = YES;
				IPHONEOS_DEPLOYMENT_TARGET = 10.1;
				MTL_ENABLE_DEBUG_INFO = NO;
				SDKROOT = iphoneos;
				SWIFT_OPTIMIZATION_LEVEL = "-Owholemodule";
				TARGETED_DEVICE_FAMILY = "1,2";
				VALIDATE_PRODUCT = YES;
			};
			name = Release;
		};
		CE4703521E01A2DA0089E8AB /* Debug */ = {
			isa = XCBuildConfiguration;
			buildSettings = {
				ASSETCATALOG_COMPILER_APPICON_NAME = AppIcon;
				DEVELOPMENT_TEAM = TSV3HNNDR6;
				INFOPLIST_FILE = Cassini/Info.plist;
				LD_RUNPATH_SEARCH_PATHS = "$(inherited) @executable_path/Frameworks";
				PRODUCT_BUNDLE_IDENTIFIER = aninesav.Cassini;
				PRODUCT_NAME = "$(TARGET_NAME)";
				SWIFT_VERSION = 3.0;
			};
			name = Debug;
		};
		CE4703531E01A2DA0089E8AB /* Release */ = {
			isa = XCBuildConfiguration;
			buildSettings = {
				ASSETCATALOG_COMPILER_APPICON_NAME = AppIcon;
				DEVELOPMENT_TEAM = TSV3HNNDR6;
				INFOPLIST_FILE = Cassini/Info.plist;
				LD_RUNPATH_SEARCH_PATHS = "$(inherited) @executable_path/Frameworks";
				PRODUCT_BUNDLE_IDENTIFIER = aninesav.Cassini;
				PRODUCT_NAME = "$(TARGET_NAME)";
				SWIFT_VERSION = 3.0;
			};
			name = Release;
		};
/* End XCBuildConfiguration section */

/* Begin XCConfigurationList section */
		CE47033A1E01A2D90089E8AB /* Build configuration list for PBXProject "Cassini" */ = {
			isa = XCConfigurationList;
			buildConfigurations = (
				CE47034F1E01A2DA0089E8AB /* Debug */,
				CE4703501E01A2DA0089E8AB /* Release */,
			);
			defaultConfigurationIsVisible = 0;
			defaultConfigurationName = Release;
		};
		CE4703511E01A2DA0089E8AB /* Build configuration list for PBXNativeTarget "Cassini" */ = {
			isa = XCConfigurationList;
			buildConfigurations = (
				CE4703521E01A2DA0089E8AB /* Debug */,
				CE4703531E01A2DA0089E8AB /* Release */,
			);
			defaultConfigurationIsVisible = 0;
			defaultConfigurationName = Release;
		};
/* End XCConfigurationList section */
	};
	rootObject = CE4703371E01A2D90089E8AB /* Project object */;
}
